
Microsoft Visual Studio Solution File, Format Version 12.00
# Visual Studio Version 17
VisualStudioVersion = 17.5.002.0
MinimumVisualStudioVersion = 10.0.40219.1
Project("{9A19103F-16F7-4668-BE54-9A1E7A4F7556}") = "LettersAndNumbers", "LettersAndNumbers.csproj", "{4F244F43-886B-4703-8E2D-4F04204B4E4A}"
EndProject
Global
	GlobalSection(SolutionConfigurationPlatforms) = preSolution
		Debug|Any CPU = Debug|Any CPU
		Release|Any CPU = Release|Any CPU
	EndGlobalSection
	GlobalSection(ProjectConfigurationPlatforms) = postSolution
		{4F244F43-886B-4703-8E2D-4F04204B4E4A}.Debug|Any CPU.ActiveCfg = Debug|Any CPU
		{4F244F43-886B-4703-8E2D-4F04204B4E4A}.Debug|Any CPU.Build.0 = Debug|Any CPU
		{4F244F43-886B-4703-8E2D-4F04204B4E4A}.Release|Any CPU.ActiveCfg = Release|Any CPU
		{4F244F43-886B-4703-8E2D-4F04204B4E4A}.Release|Any CPU.Build.0 = Release|Any CPU
	EndGlobalSection
	GlobalSection(SolutionProperties) = preSolution
		HideSolutionNode = FALSE
	EndGlobalSection
	GlobalSection(ExtensibilityGlobals) = postSolution
		SolutionGuid = {94ACFA56-8A1F-4C24-AD08-A44DDC952B11}
	EndGlobalSection
EndGlobal
